<?xml version="1.0" encoding="utf-8"?>
<Project ToolsVersion="4.0" xmlns="http://schemas.microsoft.com/developer/msbuild/2003">
  <ItemGroup>
    <Filter Include="Source Files">
      <UniqueIdentifier>{7751bc2f-fc22-48a1-abab-380adabbd336}</UniqueIdentifier>
      <Extensions>cpp;c;cxx;rc;def;r;odl;idl;hpj;bat</Extensions>
    </Filter>
    <Filter Include="Header Files">
      <UniqueIdentifier>{861a5fc4-8703-459f-8045-67351f0688b9}</UniqueIdentifier>
      <Extensions>h;hpp;hxx;hm;inl</Extensions>
    </Filter>
    <Filter Include="Resource Files">
      <UniqueIdentifier>{d9255c79-6ebb-4a78-a6f1-ee32666acd3a}</UniqueIdentifier>
      <Extensions>ico;cur;bmp;dlg;rc2;rct;bin;rgs;gif;jpg;jpeg;jpe</Extensions>
    </Filter>
  </ItemGroup>
  <ItemGroup>
    <ClCompile Include="aus_nsl.cpp">
      <Filter>Source Files</Filter>
    </ClCompile>
    <ClCompile Include="CMHeader.cpp">
      <Filter>Source Files</Filter>
    </ClCompile>
    <ClCompile Include="european_cup.cpp">
      <Filter>Source Files</Filter>
    </ClCompile>
    <ClCompile Include="Helper.cpp">
      <Filter>Source Files</Filter>
    </ClCompile>
    <ClCompile Include="LeagueSelect.cpp">
      <Filter>Source Files</Filter>
    </ClCompile>
    <ClCompile Include="NickDLL.cpp">
      <Filter>Source Files</Filter>
    </ClCompile>
    <ClCompile Include="sudamericana.cpp">
      <Filter>Source Files</Filter>
    </ClCompile>
    <ClCompile Include="tiny-json.c">
      <Filter>Source Files</Filter>
    </ClCompile>
    <ClCompile Include="Config.cpp">
      <Filter>Source Files</Filter>
    </ClCompile>
    <ClCompile Include="ita_ser_c1a.cpp">
      <Filter>Source Files</Filter>
    </ClCompile>
    <ClCompile Include="eng_setup.cpp">
      <Filter>Source Files</Filter>
    </ClCompile>
    <ClCompile Include="eng_third.cpp">
      <Filter>Source Files</Filter>
    </ClCompile>
    <ClCompile Include="generic_functions.cpp">
      <Filter>Source Files</Filter>
    </ClCompile>
    <ClCompile Include="tapani_relegation_patch.cpp">
      <Filter>Source Files</Filter>
    </ClCompile>
    <ClCompile Include="eng_prm.cpp">
      <Filter>Source Files</Filter>
    </ClCompile>
  </ItemGroup>
  <ItemGroup>
    <ClInclude Include="aus_nsl.h">
      <Filter>Header Files</Filter>
    </ClInclude>
    <ClInclude Include="CMHeader.h">
      <Filter>Header Files</Filter>
    </ClInclude>
    <ClInclude Include="european_cup.h">
      <Filter>Header Files</Filter>
    </ClInclude>
    <ClInclude Include="Helper.h">
      <Filter>Header Files</Filter>
    </ClInclude>
    <ClInclude Include="LeagueSelect.h">
      <Filter>Header Files</Filter>
    </ClInclude>
    <ClInclude Include="sudamericana.h">
      <Filter>Header Files</Filter>
    </ClInclude>
    <ClInclude Include="tiny-json.h">
      <Filter>Header Files</Filter>
    </ClInclude>
    <ClInclude Include="Config.h">
      <Filter>Header Files</Filter>
    </ClInclude>
    <ClInclude Include="NString.h">
      <Filter>Header Files</Filter>
    </ClInclude>
    <ClInclude Include="vtable.h">
      <Filter>Header Files</Filter>
    </ClInclude>
    <ClInclude Include="ita_ser_c1a.h">
      <Filter>Header Files</Filter>
    </ClInclude>
    <ClInclude Include="eng_setup.h">
      <Filter>Header Files</Filter>
    </ClInclude>
    <ClInclude Include="eng_third.h">
      <Filter>Header Files</Filter>
    </ClInclude>
    <ClInclude Include="Date.h">
      <Filter>Header Files</Filter>
    </ClInclude>
    <ClInclude Include="generic_functions.h">
      <Filter>Header Files</Filter>
    </ClInclude>
    <ClInclude Include="eng_prm.h">
      <Filter>Header Files</Filter>
    </ClInclude>
  </ItemGroup>
</Project>