
Microsoft Visual Studio Solution File, Format Version 12.00
# Visual Studio Version 17
VisualStudioVersion = 17.14.36327.8 d17.14
MinimumVisualStudioVersion = 10.0.40219.1
Project("{8BC9CEB8-8B4A-11D0-8D11-00A0C91BC942}") = "NickDLL", "NickDLL.vcxproj", "{45692BE2-F2FB-4B44-9AD6-F42CD4AED5A9}"
EndProject
Project("{FAE04EC0-301F-11D3-BF4B-00C04F79EFBC}") = "ConvertASM", "ConvertASM\ConvertASM.csproj", "{11D089C2-D40C-4C6F-83CE-371EFF5B6D45}"
EndProject
Global
	GlobalSection(SolutionConfigurationPlatforms) = preSolution
		Debug|Any CPU = Debug|Any CPU
		Debug|x86 = Debug|x86
		Release|Any CPU = Release|Any CPU
		Release|x86 = Release|x86
	EndGlobalSection
	GlobalSection(ProjectConfigurationPlatforms) = postSolution
		{45692BE2-F2FB-4B44-9AD6-F42CD4AED5A9}.Debug|Any CPU.ActiveCfg = Debug|Win32
		{45692BE2-F2FB-4B44-9AD6-F42CD4AED5A9}.Debug|Any CPU.Build.0 = Debug|Win32
		{45692BE2-F2FB-4B44-9AD6-F42CD4AED5A9}.Debug|x86.ActiveCfg = Debug|Win32
		{45692BE2-F2FB-4B44-9AD6-F42CD4AED5A9}.Debug|x86.Build.0 = Debug|Win32
		{45692BE2-F2FB-4B44-9AD6-F42CD4AED5A9}.Release|Any CPU.ActiveCfg = Release|Win32
		{45692BE2-F2FB-4B44-9AD6-F42CD4AED5A9}.Release|Any CPU.Build.0 = Release|Win32
		{45692BE2-F2FB-4B44-9AD6-F42CD4AED5A9}.Release|x86.ActiveCfg = Release|Win32
		{45692BE2-F2FB-4B44-9AD6-F42CD4AED5A9}.Release|x86.Build.0 = Release|Win32
		{11D089C2-D40C-4C6F-83CE-371EFF5B6D45}.Debug|Any CPU.ActiveCfg = Debug|Any CPU
		{11D089C2-D40C-4C6F-83CE-371EFF5B6D45}.Debug|Any CPU.Build.0 = Debug|Any CPU
		{11D089C2-D40C-4C6F-83CE-371EFF5B6D45}.Debug|x86.ActiveCfg = Debug|Any CPU
		{11D089C2-D40C-4C6F-83CE-371EFF5B6D45}.Debug|x86.Build.0 = Debug|Any CPU
		{11D089C2-D40C-4C6F-83CE-371EFF5B6D45}.Release|Any CPU.ActiveCfg = Release|Any CPU
		{11D089C2-D40C-4C6F-83CE-371EFF5B6D45}.Release|Any CPU.Build.0 = Release|Any CPU
		{11D089C2-D40C-4C6F-83CE-371EFF5B6D45}.Release|x86.ActiveCfg = Release|Any CPU
		{11D089C2-D40C-4C6F-83CE-371EFF5B6D45}.Release|x86.Build.0 = Release|Any CPU
	EndGlobalSection
	GlobalSection(SolutionProperties) = preSolution
		HideSolutionNode = FALSE
	EndGlobalSection
	GlobalSection(ExtensibilityGlobals) = postSolution
		SolutionGuid = {70DA6584-BC65-4232-A2E8-BAB25E5B2149}
	EndGlobalSection
EndGlobal
